{
  "name": "Save_for_Success",
  "version": "1.0.0",
  "lockfileVersion": 3,
  "requires": true,
  "packages": {
    "": {
      "name": "Save_for_Success",
      "version": "1.0.0",
      "license": "ISC",
      "dependencies": {
        "apiconnect": "5.8.9"
      }
    },
    "node_modules/apiconnect": {
      "version": "5.8.9",
      "license": "SEE LICENSE IN LICENSE.txt",
      "dependencies": {
        "apiconnect-cli-apis": "^7.x",
        "apiconnect-cli-apps": "^7.x",
        "apiconnect-cli-auth": "^8.x",
        "apiconnect-cli-catalogs": "^7.x",
        "apiconnect-cli-components": "^6.x",
        "apiconnect-cli-config": "^8.x",
        "apiconnect-cli-create": "^7.x",
        "apiconnect-cli-devapps": "^6.x",
        "apiconnect-cli-drafts": "^6.x",
        "apiconnect-cli-edit": "^8.x",
        "apiconnect-cli-explore": "^4.x",
        "apiconnect-cli-extensions": "^6.x",
        "apiconnect-cli-logger": "^3.x",
        "apiconnect-cli-loopback": "^5.x",
        "apiconnect-cli-members": "^6.x",
        "apiconnect-cli-orgs": "^7.x",
        "apiconnect-cli-plugins": "^8.x",
        "apiconnect-cli-policies": "^6.x",
        "apiconnect-cli-products": "^7.x",
        "apiconnect-cli-securegateways": "^5.x",
        "apiconnect-cli-spaces": "^6.x",
        "apiconnect-cli-subscriptions": "^6.x",
        "apiconnect-cli-validate": "^7.x",
        "apiconnect-config": "^5.x",
        "bluebird": "^3.x",
        "debug": "^2.x",
        "inquirer": "^0.12.0",
        "lodash": "^4.17.15",
        "mkdirp": "~0.5.2",
        "strong-globalize": "^4.x"
      },
      "bin": {
        "apic": "bin/cli.js"
      },
      "engines": {
        "node": ">=14.21.1 <15"
      }
    },
    "node_modules/apiconnect/node_modules/apiconnect-cli-apis": {},
    "node_modules/apiconnect/node_modules/apiconnect-cli-apps": {},
    "node_modules/apiconnect/node_modules/apiconnect-cli-auth": {},
    "node_modules/apiconnect/node_modules/apiconnect-cli-catalogs": {},
    "node_modules/apiconnect/node_modules/apiconnect-cli-components": {},
    "node_modules/apiconnect/node_modules/apiconnect-cli-config": {},
    "node_modules/apiconnect/node_modules/apiconnect-cli-create": {},
    "node_modules/apiconnect/node_modules/apiconnect-cli-devapps": {},
    "node_modules/apiconnect/node_modules/apiconnect-cli-drafts": {},
    "node_modules/apiconnect/node_modules/apiconnect-cli-edit": {},
    "node_modules/apiconnect/node_modules/apiconnect-cli-explore": {},
    "node_modules/apiconnect/node_modules/apiconnect-cli-extensions": {},
    "node_modules/apiconnect/node_modules/apiconnect-cli-logger": {},
    "node_modules/apiconnect/node_modules/apiconnect-cli-loopback": {},
    "node_modules/apiconnect/node_modules/apiconnect-cli-members": {},
    "node_modules/apiconnect/node_modules/apiconnect-cli-orgs": {},
    "node_modules/apiconnect/node_modules/apiconnect-cli-plugins": {},
    "node_modules/apiconnect/node_modules/apiconnect-cli-policies": {},
    "node_modules/apiconnect/node_modules/apiconnect-cli-products": {},
    "node_modules/apiconnect/node_modules/apiconnect-cli-securegateways": {},
    "node_modules/apiconnect/node_modules/apiconnect-cli-spaces": {},
    "node_modules/apiconnect/node_modules/apiconnect-cli-subscriptions": {},
    "node_modules/apiconnect/node_modules/apiconnect-cli-validate": {},
    "node_modules/apiconnect/node_modules/apiconnect-config": {},
    "node_modules/apiconnect/node_modules/bluebird": {},
    "node_modules/apiconnect/node_modules/debug": {
      "version": "2.6.9",
      "resolved": "https://registry.npmjs.org/debug/-/debug-2.6.9.tgz",
      "integrity": "sha512-bC7ElrdJaJnPbAP+1EotYvqZsb3ecl5wi6Bfi6BJTUcNowp6cvspg0jXznRTKDjm/E7AdgFBVeAPVMNcKGsHMA==",
      "dependencies": {
        "ms": "2.0.0"
      }
    },
    "node_modules/apiconnect/node_modules/inquirer": {},
    "node_modules/apiconnect/node_modules/lodash": {},
    "node_modules/apiconnect/node_modules/mkdirp": {},
    "node_modules/apiconnect/node_modules/ms": {
      "version": "2.0.0",
      "resolved": "https://registry.npmjs.org/ms/-/ms-2.0.0.tgz",
      "integrity": "sha512-Tpp60P6IUJDTuOq/5Z8cdskzJujfwqfOTkrwIwj7IRISpnkJnT6SyJ4PCPnGMoFjC9ddhal5KVIYtAt97ix05A=="
    },
    "node_modules/apiconnect/node_modules/strong-globalize": {}
  }
}
